{
  "name": "ts-api-app",
  "version": "1.0.0",
  "lockfileVersion": 1,
  "requires": true,
  "dependencies": {
    "@types/arcgis-js-api": {
      "version": "4.14.0",
      "resolved": "https://registry.npmjs.org/@types/arcgis-js-api/-/arcgis-js-api-4.14.0.tgz",
      "integrity": "sha512-TGOfVtEpC5mIVqHwZRGS2OLx8D47AsPfUgDw/Z4IdTOOjMY+7/Hd25mu8xPkoEYNKy88jFYD/7eUIZWDBPUvKQ=="
    },
    "@types/dojo": {
      "version": "1.9.42",
      "resolved": "https://registry.npmjs.org/@types/dojo/-/dojo-1.9.42.tgz",
      "integrity": "sha512-yFfw7uoOlCy6QgxTWIzii4/QOsIDXq9gX3/6iXQ2nz//Y23yWXFRaYpoQ7GW0fvPN3lKtYkXgv6GXtdtWlHFXg=="
    }
  }
}
